
Microsoft Visual Studio Solution File, Format Version 12.00
# Visual Studio Version 16
VisualStudioVersion = 16.0.30114.105
MinimumVisualStudioVersion = 10.0.40219.1
Project("{8BC9CEB8-8B4A-11D0-8D11-00A0C91BC942}") = "ws06", "ws06\ws06.vcxproj", "{E004FDB9-88AB-4EE5-A7B5-4D1186D2B35D}"
EndProject
Global
	GlobalSection(SolutionConfigurationPlatforms) = preSolution
		Debug|x64 = Debug|x64
		Debug|x86 = Debug|x86
		Release|x64 = Release|x64
		Release|x86 = Release|x86
	EndGlobalSection
	GlobalSection(ProjectConfigurationPlatforms) = postSolution
		{E004FDB9-88AB-4EE5-A7B5-4D1186D2B35D}.Debug|x64.ActiveCfg = Debug|x64
		{E004FDB9-88AB-4EE5-A7B5-4D1186D2B35D}.Debug|x64.Build.0 = Debug|x64
		{E004FDB9-88AB-4EE5-A7B5-4D1186D2B35D}.Debug|x86.ActiveCfg = Debug|Win32
		{E004FDB9-88AB-4EE5-A7B5-4D1186D2B35D}.Debug|x86.Build.0 = Debug|Win32
		{E004FDB9-88AB-4EE5-A7B5-4D1186D2B35D}.Release|x64.ActiveCfg = Release|x64
		{E004FDB9-88AB-4EE5-A7B5-4D1186D2B35D}.Release|x64.Build.0 = Release|x64
		{E004FDB9-88AB-4EE5-A7B5-4D1186D2B35D}.Release|x86.ActiveCfg = Release|Win32
		{E004FDB9-88AB-4EE5-A7B5-4D1186D2B35D}.Release|x86.Build.0 = Release|Win32
	EndGlobalSection
	GlobalSection(SolutionProperties) = preSolution
		HideSolutionNode = FALSE
	EndGlobalSection
	GlobalSection(ExtensibilityGlobals) = postSolution
		SolutionGuid = {4DDB4356-5E58-4852-88A3-BD077A8905A2}
	EndGlobalSection
EndGlobal
